<?xml version="1.0" encoding="utf-8"?>
<Project ToolsVersion="4.0" xmlns="http://schemas.microsoft.com/developer/msbuild/2003">
  <ItemGroup>
    <Filter Include="Source Files">
      <UniqueIdentifier>{4FC737F1-C7A5-4376-A066-2A32D752A2FF}</UniqueIdentifier>
      <Extensions>cpp;c;cc;cxx;def;odl;idl;hpj;bat;asm;asmx</Extensions>
    </Filter>
    <Filter Include="Header Files">
      <UniqueIdentifier>{93995380-89BD-4b04-88EB-625FBE52EBFB}</UniqueIdentifier>
      <Extensions>h;hh;hpp;hxx;hm;inl;inc;xsd</Extensions>
    </Filter>
    <Filter Include="Resource Files">
      <UniqueIdentifier>{67DA6AB6-F800-4c08-8B7A-83BB121AAD01}</UniqueIdentifier>
      <Extensions>qrc;rc;ico;cur;bmp;dlg;rc2;rct;bin;rgs;gif;jpg;jpeg;jpe;resx;tiff;tif;png;wav;mfcribbon-ms</Extensions>
    </Filter>
    <Filter Include="Form Files">
      <UniqueIdentifier>{99349809-55BA-4b9d-BF79-8FDBB0286EB3}</UniqueIdentifier>
      <Extensions>ui</Extensions>
    </Filter>
  </ItemGroup>
  <ItemGroup>
    <QtRcc Include="game.qrc">
      <Filter>Resource Files</Filter>
    </QtRcc>
  </ItemGroup>
  <ItemGroup>
    <QtMoc Include="game.h">
      <Filter>Header Files</Filter>
    </QtMoc>
    <QtMoc Include="include\AudioEngine.h">
      <Filter>Header Files</Filter>
    </QtMoc>
    <QtMoc Include="include\BeatDetector.h">
      <Filter>Header Files</Filter>
    </QtMoc>
    <QtMoc Include="include\VisualizerBase.h">
      <Filter>Header Files</Filter>
    </QtMoc>
    <QtMoc Include="include\BarSpectrumVisualizer.h">
      <Filter>Header Files</Filter>
    </QtMoc>
    <QtMoc Include="include\CircularSpectrumVisualizer.h">
      <Filter>Header Files</Filter>
    </QtMoc>
    <QtMoc Include="include\WaveformVisualizer.h">
      <Filter>Header Files</Filter>
    </QtMoc>
    <QtMoc Include="include\WaterfallVisualizer.h">
      <Filter>Header Files</Filter>
    </QtMoc>
    <QtMoc Include="include\GLSpectrumWidget.h">
      <Filter>Header Files</Filter>
    </QtMoc>
    <QtMoc Include="include\MainMenuWidget.h">
      <Filter>Header Files</Filter>
    </QtMoc>
    <QtMoc Include="include\SongSelectWidget.h">
      <Filter>Header Files</Filter>
    </QtMoc>
    <QtMoc Include="include\VisualizationWidget.h">
      <Filter>Header Files</Filter>
    </QtMoc>
    <QtMoc Include="include\GameWidget.h">
      <Filter>Header Files</Filter>
    </QtMoc>
    <QtMoc Include="include\ResultWidget.h">
      <Filter>Header Files</Filter>
    </QtMoc>
    <QtMoc Include="include\ScoreManager.h">
      <Filter>Header Files</Filter>
    </QtMoc>
    <QtMoc Include="include\CacheManager.h">
      <Filter>Header Files</Filter>
    </QtMoc>
    <QtMoc Include="include\AudioEffectWidget.h">
      <Filter>Header Files</Filter>
    </QtMoc>
    <QtMoc Include="include\LeaderboardManager.h">
      <Filter>Header Files</Filter>
    </QtMoc>
    <QtMoc Include="include\LeaderboardWidget.h">
      <Filter>Header Files</Filter>
    </QtMoc>
    <QtMoc Include="include\ChartManager.h">
      <Filter>Header Files</Filter>
    </QtMoc>
    <QtMoc Include="include\ChartEditorWidget.h">
      <Filter>Header Files</Filter>
    </QtMoc>
    <QtMoc Include="include\ChartTimelineWidget.h">
      <Filter>Header Files</Filter>
    </QtMoc>
    <QtMoc Include="include\ThemeManager.h">
      <Filter>Header Files</Filter>
    </QtMoc>
    <QtMoc Include="include\ThemeEditorWidget.h">
      <Filter>Header Files</Filter>
    </QtMoc>
    <ClInclude Include="include\UIButtonEffects.h">
      <Filter>Header Files</Filter>
    </ClInclude>
  </ItemGroup>
  <ItemGroup>
    <ClCompile Include="main.cpp">
      <Filter>Source Files</Filter>
    </ClCompile>
    <ClCompile Include="game.cpp">
      <Filter>Source Files</Filter>
    </ClCompile>
    <ClCompile Include="src\FFTAnalyzer.cpp">
      <Filter>Source Files</Filter>
    </ClCompile>
    <ClCompile Include="src\AudioEngine.cpp">
      <Filter>Source Files</Filter>
    </ClCompile>
    <ClCompile Include="src\BeatDetector.cpp">
      <Filter>Source Files</Filter>
    </ClCompile>
    <ClCompile Include="src\NoteGenerator.cpp">
      <Filter>Source Files</Filter>
    </ClCompile>
    <ClCompile Include="src\VisualizerBase.cpp">
      <Filter>Source Files</Filter>
    </ClCompile>
    <ClCompile Include="src\BarSpectrumVisualizer.cpp">
      <Filter>Source Files</Filter>
    </ClCompile>
    <ClCompile Include="src\CircularSpectrumVisualizer.cpp">
      <Filter>Source Files</Filter>
    </ClCompile>
    <ClCompile Include="src\WaveformVisualizer.cpp">
      <Filter>Source Files</Filter>
    </ClCompile>
    <ClCompile Include="src\WaterfallVisualizer.cpp">
      <Filter>Source Files</Filter>
    </ClCompile>
    <ClCompile Include="src\MainMenuWidget.cpp">
      <Filter>Source Files</Filter>
    </ClCompile>
    <ClCompile Include="src\SongSelectWidget.cpp">
      <Filter>Source Files</Filter>
    </ClCompile>
    <ClCompile Include="src\VisualizationWidget.cpp">
      <Filter>Source Files</Filter>
    </ClCompile>
    <ClCompile Include="src\GameWidget.cpp">
      <Filter>Source Files</Filter>
    </ClCompile>
    <ClCompile Include="src\ResultWidget.cpp">
      <Filter>Source Files</Filter>
    </ClCompile>
    <ClCompile Include="src\ScoreManager.cpp">
      <Filter>Source Files</Filter>
    </ClCompile>
    <ClCompile Include="src\CacheManager.cpp">
      <Filter>Source Files</Filter>
    </ClCompile>
    <ClCompile Include="src\LeaderboardManager.cpp">
      <Filter>Source Files</Filter>
    </ClCompile>
    <ClCompile Include="src\LeaderboardWidget.cpp">
      <Filter>Source Files</Filter>
    </ClCompile>
    <ClCompile Include="src\GLSpectrumWidget.cpp">
      <Filter>Source Files</Filter>
    </ClCompile>
    <ClCompile Include="src\AudioEffectProcessor.cpp">
      <Filter>Source Files</Filter>
    </ClCompile>
    <ClCompile Include="src\AudioEffectWidget.cpp">
      <Filter>Source Files</Filter>
    </ClCompile>
    <ClCompile Include="src\ChartManager.cpp">
      <Filter>Source Files</Filter>
    </ClCompile>
    <ClCompile Include="src\ChartEditorWidget.cpp">
      <Filter>Source Files</Filter>
    </ClCompile>
    <ClCompile Include="src\ChartTimelineWidget.cpp">
      <Filter>Source Files</Filter>
    </ClCompile>
    <ClCompile Include="src\ThemeManager.cpp">
      <Filter>Source Files</Filter>
    </ClCompile>
    <ClCompile Include="src\ThemeEditorWidget.cpp">
      <Filter>Source Files</Filter>
    </ClCompile>
    <ClCompile Include="src\UIButtonEffects.cpp">
      <Filter>Source Files</Filter>
    </ClCompile>
  </ItemGroup>
</Project>